
Microsoft Visual Studio Solution File, Format Version 12.00
# Visual Studio Version 17
VisualStudioVersion = 17.14.36429.23 d17.14
MinimumVisualStudioVersion = 10.0.40219.1
Project("{FAE04EC0-301F-11D3-BF4B-00C04F79EFBC}") = "1133330_陳芷姍_撲克牌", "1133330_陳芷姍_撲克牌\1133330_陳芷姍_撲克牌.csproj", "{7F2C1E9A-0E43-4229-88F6-89CC6E1F3632}"
EndProject
Global
	GlobalSection(SolutionConfigurationPlatforms) = preSolution
		Debug|Any CPU = Debug|Any CPU
		Release|Any CPU = Release|Any CPU
	EndGlobalSection
	GlobalSection(ProjectConfigurationPlatforms) = postSolution
		{7F2C1E9A-0E43-4229-88F6-89CC6E1F3632}.Debug|Any CPU.ActiveCfg = Debug|Any CPU
		{7F2C1E9A-0E43-4229-88F6-89CC6E1F3632}.Debug|Any CPU.Build.0 = Debug|Any CPU
		{7F2C1E9A-0E43-4229-88F6-89CC6E1F3632}.Release|Any CPU.ActiveCfg = Release|Any CPU
		{7F2C1E9A-0E43-4229-88F6-89CC6E1F3632}.Release|Any CPU.Build.0 = Release|Any CPU
	EndGlobalSection
	GlobalSection(SolutionProperties) = preSolution
		HideSolutionNode = FALSE
	EndGlobalSection
	GlobalSection(ExtensibilityGlobals) = postSolution
		SolutionGuid = {B4437879-0B13-4377-B62F-C982870960D1}
	EndGlobalSection
EndGlobal
